// !$*UTF8*$!
{
	archiveVersion = 1;
	classes = {
	};
	objectVersion = 60;
	objects = {

/* Begin PBXBuildFile section */
		1E37F2672C6212BA00A367B1 /* SwiftUIReduxExampleTests.swift in Sources */ = {isa = PBXBuildFile; fileRef = 1E37F2662C6212BA00A367B1 /* SwiftUIReduxExampleTests.swift */; };
		1E37F26E2C6212C500A367B1 /* SwiftUIReduxTestHelpers in Frameworks */ = {isa = PBXBuildFile; productRef = 1E37F26D2C6212C500A367B1 /* SwiftUIReduxTestHelpers */; };
		DCB782532CD63A7700B5F7BF /* SwiftUIRedux in Frameworks */ = {isa = PBXBuildFile; productRef = DCB782522CD63A7700B5F7BF /* SwiftUIRedux */; };
		DCB782552CD6830F00B5F7BF /* Main.swift in Sources */ = {isa = PBXBuildFile; fileRef = DCB782542CD6830D00B5F7BF /* Main.swift */; };
		DCB782582CD7759500B5F7BF /* SideEffectMiddlleware.swift in Sources */ = {isa = PBXBuildFile; fileRef = DCB782572CD7758D00B5F7BF /* SideEffectMiddlleware.swift */; };
		DCB7825A2CD7830F00B5F7BF /* LoggerMiddleware.swift in Sources */ = {isa = PBXBuildFile; fileRef = DCB782592CD7830B00B5F7BF /* LoggerMiddleware.swift */; };
		E6A067D026F3420F00DD524B /* SwiftUIReduxExampleApp.swift in Sources */ = {isa = PBXBuildFile; fileRef = E6A067CF26F3420F00DD524B /* SwiftUIReduxExampleApp.swift */; };
		E6A067D226F3420F00DD524B /* ContentView.swift in Sources */ = {isa = PBXBuildFile; fileRef = E6A067D126F3420F00DD524B /* ContentView.swift */; };
		E6A067D426F3421100DD524B /* Assets.xcassets in Resources */ = {isa = PBXBuildFile; fileRef = E6A067D326F3421100DD524B /* Assets.xcassets */; };
		E6A067D726F3421100DD524B /* Preview Assets.xcassets in Resources */ = {isa = PBXBuildFile; fileRef = E6A067D626F3421100DD524B /* Preview Assets.xcassets */; };
		E6A067E126F3429500DD524B /* SwiftUIRedux in Frameworks */ = {isa = PBXBuildFile; productRef = E6A067E026F3429500DD524B /* SwiftUIRedux */; };
		E6A067E326F3476700DD524B /* AppState.swift in Sources */ = {isa = PBXBuildFile; fileRef = E6A067E226F3476700DD524B /* AppState.swift */; };
		E6A067E626F3481500DD524B /* ReduxMonitor in Frameworks */ = {isa = PBXBuildFile; productRef = E6A067E526F3481500DD524B /* ReduxMonitor */; };
/* End PBXBuildFile section */

/* Begin PBXContainerItemProxy section */
		1E37F2682C6212BA00A367B1 /* PBXContainerItemProxy */ = {
			isa = PBXContainerItemProxy;
			containerPortal = E6A067C426F3420F00DD524B /* Project object */;
			proxyType = 1;
			remoteGlobalIDString = E6A067CB26F3420F00DD524B;
			remoteInfo = SwiftUIReduxExample;
		};
/* End PBXContainerItemProxy section */

/* Begin PBXFileReference section */
		1E37F2642C6212BA00A367B1 /* SwiftUIReduxExampleTests.xctest */ = {isa = PBXFileReference; explicitFileType = wrapper.cfbundle; includeInIndex = 0; path = SwiftUIReduxExampleTests.xctest; sourceTree = BUILT_PRODUCTS_DIR; };
		1E37F2662C6212BA00A367B1 /* SwiftUIReduxExampleTests.swift */ = {isa = PBXFileReference; lastKnownFileType = sourcecode.swift; path = SwiftUIReduxExampleTests.swift; sourceTree = "<group>"; };
		DCB782542CD6830D00B5F7BF /* Main.swift */ = {isa = PBXFileReference; lastKnownFileType = sourcecode.swift; path = Main.swift; sourceTree = "<group>"; };
		DCB782572CD7758D00B5F7BF /* SideEffectMiddlleware.swift */ = {isa = PBXFileReference; lastKnownFileType = sourcecode.swift; path = SideEffectMiddlleware.swift; sourceTree = "<group>"; };
		DCB782592CD7830B00B5F7BF /* LoggerMiddleware.swift */ = {isa = PBXFileReference; lastKnownFileType = sourcecode.swift; path = LoggerMiddleware.swift; sourceTree = "<group>"; };
		E6A067CC26F3420F00DD524B /* SwiftUIReduxExample.app */ = {isa = PBXFileReference; explicitFileType = wrapper.application; includeInIndex = 0; path = SwiftUIReduxExample.app; sourceTree = BUILT_PRODUCTS_DIR; };
		E6A067CF26F3420F00DD524B /* SwiftUIReduxExampleApp.swift */ = {isa = PBXFileReference; lastKnownFileType = sourcecode.swift; path = SwiftUIReduxExampleApp.swift; sourceTree = "<group>"; };
		E6A067D126F3420F00DD524B /* ContentView.swift */ = {isa = PBXFileReference; lastKnownFileType = sourcecode.swift; path = ContentView.swift; sourceTree = "<group>"; };
		E6A067D326F3421100DD524B /* Assets.xcassets */ = {isa = PBXFileReference; lastKnownFileType = folder.assetcatalog; path = Assets.xcassets; sourceTree = "<group>"; };
		E6A067D626F3421100DD524B /* Preview Assets.xcassets */ = {isa = PBXFileReference; lastKnownFileType = folder.assetcatalog; path = "Preview Assets.xcassets"; sourceTree = "<group>"; };
		E6A067D826F3421100DD524B /* Info.plist */ = {isa = PBXFileReference; lastKnownFileType = text.plist.xml; path = Info.plist; sourceTree = "<group>"; };
		E6A067E226F3476700DD524B /* AppState.swift */ = {isa = PBXFileReference; lastKnownFileType = sourcecode.swift; path = AppState.swift; sourceTree = "<group>"; };
/* End PBXFileReference section */

/* Begin PBXFrameworksBuildPhase section */
		1E37F2612C6212BA00A367B1 /* Frameworks */ = {
			isa = PBXFrameworksBuildPhase;
			buildActionMask = 2147483647;
			files = (
				1E37F26E2C6212C500A367B1 /* SwiftUIReduxTestHelpers in Frameworks */,
			);
			runOnlyForDeploymentPostprocessing = 0;
		};
		E6A067C926F3420F00DD524B /* Frameworks */ = {
			isa = PBXFrameworksBuildPhase;
			buildActionMask = 2147483647;
			files = (
				E6A067E626F3481500DD524B /* ReduxMonitor in Frameworks */,
				DCB782532CD63A7700B5F7BF /* SwiftUIRedux in Frameworks */,
				E6A067E126F3429500DD524B /* SwiftUIRedux in Frameworks */,
			);
			runOnlyForDeploymentPostprocessing = 0;
		};
/* End PBXFrameworksBuildPhase section */

/* Begin PBXGroup section */
		1E37F2652C6212BA00A367B1 /* SwiftUIReduxExampleTests */ = {
			isa = PBXGroup;
			children = (
				1E37F2662C6212BA00A367B1 /* SwiftUIReduxExampleTests.swift */,
			);
			path = SwiftUIReduxExampleTests;
			sourceTree = "<group>";
		};
		E6A067C326F3420F00DD524B = {
			isa = PBXGroup;
			children = (
				E6A067CE26F3420F00DD524B /* SwiftUIReduxExample */,
				1E37F2652C6212BA00A367B1 /* SwiftUIReduxExampleTests */,
				E6A067CD26F3420F00DD524B /* Products */,
				E6A067DF26F3429500DD524B /* Frameworks */,
			);
			sourceTree = "<group>";
		};
		E6A067CD26F3420F00DD524B /* Products */ = {
			isa = PBXGroup;
			children = (
				E6A067CC26F3420F00DD524B /* SwiftUIReduxExample.app */,
				1E37F2642C6212BA00A367B1 /* SwiftUIReduxExampleTests.xctest */,
			);
			name = Products;
			sourceTree = "<group>";
		};
		E6A067CE26F3420F00DD524B /* SwiftUIReduxExample */ = {
			isa = PBXGroup;
			children = (
				E6A067EA26F3487B00DD524B /* Redux */,
				E6A067CF26F3420F00DD524B /* SwiftUIReduxExampleApp.swift */,
				E6A067D126F3420F00DD524B /* ContentView.swift */,
				E6A067D326F3421100DD524B /* Assets.xcassets */,
				E6A067D826F3421100DD524B /* Info.plist */,
				E6A067D526F3421100DD524B /* Preview Content */,
			);
			path = SwiftUIReduxExample;
			sourceTree = "<group>";
		};
		E6A067D526F3421100DD524B /* Preview Content */ = {
			isa = PBXGroup;
			children = (
				E6A067D626F3421100DD524B /* Preview Assets.xcassets */,
			);
			path = "Preview Content";
			sourceTree = "<group>";
		};
		E6A067DF26F3429500DD524B /* Frameworks */ = {
			isa = PBXGroup;
			children = (
			);
			name = Frameworks;
			sourceTree = "<group>";
		};
		E6A067EA26F3487B00DD524B /* Redux */ = {
			isa = PBXGroup;
			children = (
				DCB782592CD7830B00B5F7BF /* LoggerMiddleware.swift */,
				DCB782572CD7758D00B5F7BF /* SideEffectMiddlleware.swift */,
				DCB782542CD6830D00B5F7BF /* Main.swift */,
				E6A067E226F3476700DD524B /* AppState.swift */,
			);
			path = Redux;
			sourceTree = "<group>";
		};
/* End PBXGroup section */

/* Begin PBXNativeTarget section */
		1E37F2632C6212BA00A367B1 /* SwiftUIReduxExampleTests */ = {
			isa = PBXNativeTarget;
			buildConfigurationList = 1E37F26A2C6212BA00A367B1 /* Build configuration list for PBXNativeTarget "SwiftUIReduxExampleTests" */;
			buildPhases = (
				1E37F2602C6212BA00A367B1 /* Sources */,
				1E37F2612C6212BA00A367B1 /* Frameworks */,
				1E37F2622C6212BA00A367B1 /* Resources */,
			);
			buildRules = (
			);
			dependencies = (
				1E37F2692C6212BA00A367B1 /* PBXTargetDependency */,
			);
			name = SwiftUIReduxExampleTests;
			packageProductDependencies = (
				1E37F26D2C6212C500A367B1 /* SwiftUIReduxTestHelpers */,
			);
			productName = SwiftUIReduxExampleTests;
			productReference = 1E37F2642C6212BA00A367B1 /* SwiftUIReduxExampleTests.xctest */;
			productType = "com.apple.product-type.bundle.unit-test";
		};
		E6A067CB26F3420F00DD524B /* SwiftUIReduxExample */ = {
			isa = PBXNativeTarget;
			buildConfigurationList = E6A067DB26F3421100DD524B /* Build configuration list for PBXNativeTarget "SwiftUIReduxExample" */;
			buildPhases = (
				E6A067C826F3420F00DD524B /* Sources */,
				E6A067C926F3420F00DD524B /* Frameworks */,
				E6A067CA26F3420F00DD524B /* Resources */,
			);
			buildRules = (
			);
			dependencies = (
			);
			name = SwiftUIReduxExample;
			packageProductDependencies = (
				E6A067E026F3429500DD524B /* SwiftUIRedux */,
				E6A067E526F3481500DD524B /* ReduxMonitor */,
				DCB782522CD63A7700B5F7BF /* SwiftUIRedux */,
			);
			productName = SwiftUIReduxExample;
			productReference = E6A067CC26F3420F00DD524B /* SwiftUIReduxExample.app */;
			productType = "com.apple.product-type.application";
		};
/* End PBXNativeTarget section */

/* Begin PBXProject section */
		E6A067C426F3420F00DD524B /* Project object */ = {
			isa = PBXProject;
			attributes = {
				BuildIndependentTargetsInParallel = YES;
				LastSwiftUpdateCheck = 1540;
				LastUpgradeCheck = 1610;
				TargetAttributes = {
					1E37F2632C6212BA00A367B1 = {
						CreatedOnToolsVersion = 15.4;
						TestTargetID = E6A067CB26F3420F00DD524B;
					};
					E6A067CB26F3420F00DD524B = {
						CreatedOnToolsVersion = 12.5.1;
					};
				};
			};
			buildConfigurationList = E6A067C726F3420F00DD524B /* Build configuration list for PBXProject "SwiftUIReduxExample" */;
			compatibilityVersion = "Xcode 9.3";
			developmentRegion = en;
			hasScannedForEncodings = 0;
			knownRegions = (
				en,
				Base,
			);
			mainGroup = E6A067C326F3420F00DD524B;
			packageReferences = (
				E6A067E426F3481500DD524B /* XCRemoteSwiftPackageReference "ReduxMonitor" */,
				DCB782512CD63A7700B5F7BF /* XCLocalSwiftPackageReference "../../../SwiftUIRedux" */,
			);
			productRefGroup = E6A067CD26F3420F00DD524B /* Products */;
			projectDirPath = "";
			projectRoot = "";
			targets = (
				E6A067CB26F3420F00DD524B /* SwiftUIReduxExample */,
				1E37F2632C6212BA00A367B1 /* SwiftUIReduxExampleTests */,
			);
		};
/* End PBXProject section */

/* Begin PBXResourcesBuildPhase section */
		1E37F2622C6212BA00A367B1 /* Resources */ = {
			isa = PBXResourcesBuildPhase;
			buildActionMask = 2147483647;
			files = (
			);
			runOnlyForDeploymentPostprocessing = 0;
		};
		E6A067CA26F3420F00DD524B /* Resources */ = {
			isa = PBXResourcesBuildPhase;
			buildActionMask = 2147483647;
			files = (
				E6A067D726F3421100DD524B /* Preview Assets.xcassets in Resources */,
				E6A067D426F3421100DD524B /* Assets.xcassets in Resources */,
			);
			runOnlyForDeploymentPostprocessing = 0;
		};
/* End PBXResourcesBuildPhase section */

/* Begin PBXSourcesBuildPhase section */
		1E37F2602C6212BA00A367B1 /* Sources */ = {
			isa = PBXSourcesBuildPhase;
			buildActionMask = 2147483647;
			files = (
				1E37F2672C6212BA00A367B1 /* SwiftUIReduxExampleTests.swift in Sources */,
			);
			runOnlyForDeploymentPostprocessing = 0;
		};
		E6A067C826F3420F00DD524B /* Sources */ = {
			isa = PBXSourcesBuildPhase;
			buildActionMask = 2147483647;
			files = (
				DCB782552CD6830F00B5F7BF /* Main.swift in Sources */,
				E6A067E326F3476700DD524B /* AppState.swift in Sources */,
				DCB782582CD7759500B5F7BF /* SideEffectMiddlleware.swift in Sources */,
				DCB7825A2CD7830F00B5F7BF /* LoggerMiddleware.swift in Sources */,
				E6A067D226F3420F00DD524B /* ContentView.swift in Sources */,
				E6A067D026F3420F00DD524B /* SwiftUIReduxExampleApp.swift in Sources */,
			);
			runOnlyForDeploymentPostprocessing = 0;
		};
/* End PBXSourcesBuildPhase section */

/* Begin PBXTargetDependency section */
		1E37F2692C6212BA00A367B1 /* PBXTargetDependency */ = {
			isa = PBXTargetDependency;
			target = E6A067CB26F3420F00DD524B /* SwiftUIReduxExample */;
			targetProxy = 1E37F2682C6212BA00A367B1 /* PBXContainerItemProxy */;
		};
/* End PBXTargetDependency section */

/* Begin XCBuildConfiguration section */
		1E37F26B2C6212BA00A367B1 /* Debug */ = {
			isa = XCBuildConfiguration;
			buildSettings = {
				ASSETCATALOG_COMPILER_GENERATE_SWIFT_ASSET_SYMBOL_EXTENSIONS = YES;
				BUNDLE_LOADER = "$(TEST_HOST)";
				CLANG_CXX_LANGUAGE_STANDARD = "gnu++20";
				CODE_SIGN_STYLE = Automatic;
				CURRENT_PROJECT_VERSION = 1;
				DEVELOPMENT_TEAM = "";
				ENABLE_USER_SCRIPT_SANDBOXING = YES;
				GCC_C_LANGUAGE_STANDARD = gnu17;
				GENERATE_INFOPLIST_FILE = YES;
				IPHONEOS_DEPLOYMENT_TARGET = 17.5;
				LOCALIZATION_PREFERS_STRING_CATALOGS = YES;
				MARKETING_VERSION = 1.0;
				PRODUCT_BUNDLE_IDENTIFIER = com.lindebros.acordaIOS.SwiftUIReduxExampleTests;
				PRODUCT_NAME = "$(TARGET_NAME)";
				SWIFT_ACTIVE_COMPILATION_CONDITIONS = "DEBUG $(inherited)";
				SWIFT_EMIT_LOC_STRINGS = NO;
				SWIFT_VERSION = 5.0;
				TARGETED_DEVICE_FAMILY = "1,2";
				TEST_HOST = "$(BUILT_PRODUCTS_DIR)/SwiftUIReduxExample.app/$(BUNDLE_EXECUTABLE_FOLDER_PATH)/SwiftUIReduxExample";
			};
			name = Debug;
		};
		1E37F26C2C6212BA00A367B1 /* Release */ = {
			isa = XCBuildConfiguration;
			buildSettings = {
				ASSETCATALOG_COMPILER_GENERATE_SWIFT_ASSET_SYMBOL_EXTENSIONS = YES;
				BUNDLE_LOADER = "$(TEST_HOST)";
				CLANG_CXX_LANGUAGE_STANDARD = "gnu++20";
				CODE_SIGN_STYLE = Automatic;
				CURRENT_PROJECT_VERSION = 1;
				DEVELOPMENT_TEAM = "";
				ENABLE_USER_SCRIPT_SANDBOXING = YES;
				GCC_C_LANGUAGE_STANDARD = gnu17;
				GENERATE_INFOPLIST_FILE = YES;
				IPHONEOS_DEPLOYMENT_TARGET = 17.5;
				LOCALIZATION_PREFERS_STRING_CATALOGS = YES;
				MARKETING_VERSION = 1.0;
				PRODUCT_BUNDLE_IDENTIFIER = com.lindebros.acordaIOS.SwiftUIReduxExampleTests;
				PRODUCT_NAME = "$(TARGET_NAME)";
				SWIFT_EMIT_LOC_STRINGS = NO;
				SWIFT_VERSION = 5.0;
				TARGETED_DEVICE_FAMILY = "1,2";
				TEST_HOST = "$(BUILT_PRODUCTS_DIR)/SwiftUIReduxExample.app/$(BUNDLE_EXECUTABLE_FOLDER_PATH)/SwiftUIReduxExample";
			};
			name = Release;
		};
		E6A067D926F3421100DD524B /* Debug */ = {
			isa = XCBuildConfiguration;
			buildSettings = {
				ALWAYS_SEARCH_USER_PATHS = NO;
				CLANG_ANALYZER_NONNULL = YES;
				CLANG_ANALYZER_NUMBER_OBJECT_CONVERSION = YES_AGGRESSIVE;
				CLANG_CXX_LANGUAGE_STANDARD = "gnu++14";
				CLANG_CXX_LIBRARY = "libc++";
				CLANG_ENABLE_MODULES = YES;
				CLANG_ENABLE_OBJC_ARC = YES;
				CLANG_ENABLE_OBJC_WEAK = YES;
				CLANG_WARN_BLOCK_CAPTURE_AUTORELEASING = YES;
				CLANG_WARN_BOOL_CONVERSION = YES;
				CLANG_WARN_COMMA = YES;
				CLANG_WARN_CONSTANT_CONVERSION = YES;
				CLANG_WARN_DEPRECATED_OBJC_IMPLEMENTATIONS = YES;
				CLANG_WARN_DIRECT_OBJC_ISA_USAGE = YES_ERROR;
				CLANG_WARN_DOCUMENTATION_COMMENTS = YES;
				CLANG_WARN_EMPTY_BODY = YES;
				CLANG_WARN_ENUM_CONVERSION = YES;
				CLANG_WARN_INFINITE_RECURSION = YES;
				CLANG_WARN_INT_CONVERSION = YES;
				CLANG_WARN_NON_LITERAL_NULL_CONVERSION = YES;
				CLANG_WARN_OBJC_IMPLICIT_RETAIN_SELF = YES;
				CLANG_WARN_OBJC_LITERAL_CONVERSION = YES;
				CLANG_WARN_OBJC_ROOT_CLASS = YES_ERROR;
				CLANG_WARN_QUOTED_INCLUDE_IN_FRAMEWORK_HEADER = YES;
				CLANG_WARN_RANGE_LOOP_ANALYSIS = YES;
				CLANG_WARN_STRICT_PROTOTYPES = YES;
				CLANG_WARN_SUSPICIOUS_MOVE = YES;
				CLANG_WARN_UNGUARDED_AVAILABILITY = YES_AGGRESSIVE;
				CLANG_WARN_UNREACHABLE_CODE = YES;
				CLANG_WARN__DUPLICATE_METHOD_MATCH = YES;
				COPY_PHASE_STRIP = NO;
				DEBUG_INFORMATION_FORMAT = dwarf;
				ENABLE_STRICT_OBJC_MSGSEND = YES;
				ENABLE_TESTABILITY = YES;
				GCC_C_LANGUAGE_STANDARD = gnu11;
				GCC_DYNAMIC_NO_PIC = NO;
				GCC_NO_COMMON_BLOCKS = YES;
				GCC_OPTIMIZATION_LEVEL = 0;
				GCC_PREPROCESSOR_DEFINITIONS = (
					"DEBUG=1",
					"$(inherited)",
				);
				GCC_WARN_64_TO_32_BIT_CONVERSION = YES;
				GCC_WARN_ABOUT_RETURN_TYPE = YES_ERROR;
				GCC_WARN_UNDECLARED_SELECTOR = YES;
				GCC_WARN_UNINITIALIZED_AUTOS = YES_AGGRESSIVE;
				GCC_WARN_UNUSED_FUNCTION = YES;
				GCC_WARN_UNUSED_VARIABLE = YES;
				IPHONEOS_DEPLOYMENT_TARGET = 14.5;
				MTL_ENABLE_DEBUG_INFO = INCLUDE_SOURCE;
				MTL_FAST_MATH = YES;
				ONLY_ACTIVE_ARCH = YES;
				SDKROOT = iphoneos;
				SWIFT_ACTIVE_COMPILATION_CONDITIONS = DEBUG;
				SWIFT_OPTIMIZATION_LEVEL = "-Onone";
			};
			name = Debug;
		};
		E6A067DA26F3421100DD524B /* Release */ = {
			isa = XCBuildConfiguration;
			buildSettings = {
				ALWAYS_SEARCH_USER_PATHS = NO;
				CLANG_ANALYZER_NONNULL = YES;
				CLANG_ANALYZER_NUMBER_OBJECT_CONVERSION = YES_AGGRESSIVE;
				CLANG_CXX_LANGUAGE_STANDARD = "gnu++14";
				CLANG_CXX_LIBRARY = "libc++";
				CLANG_ENABLE_MODULES = YES;
				CLANG_ENABLE_OBJC_ARC = YES;
				CLANG_ENABLE_OBJC_WEAK = YES;
				CLANG_WARN_BLOCK_CAPTURE_AUTORELEASING = YES;
				CLANG_WARN_BOOL_CONVERSION = YES;
				CLANG_WARN_COMMA = YES;
				CLANG_WARN_CONSTANT_CONVERSION = YES;
				CLANG_WARN_DEPRECATED_OBJC_IMPLEMENTATIONS = YES;
				CLANG_WARN_DIRECT_OBJC_ISA_USAGE = YES_ERROR;
				CLANG_WARN_DOCUMENTATION_COMMENTS = YES;
				CLANG_WARN_EMPTY_BODY = YES;
				CLANG_WARN_ENUM_CONVERSION = YES;
				CLANG_WARN_INFINITE_RECURSION = YES;
				CLANG_WARN_INT_CONVERSION = YES;
				CLANG_WARN_NON_LITERAL_NULL_CONVERSION = YES;
				CLANG_WARN_OBJC_IMPLICIT_RETAIN_SELF = YES;
				CLANG_WARN_OBJC_LITERAL_CONVERSION = YES;
				CLANG_WARN_OBJC_ROOT_CLASS = YES_ERROR;
				CLANG_WARN_QUOTED_INCLUDE_IN_FRAMEWORK_HEADER = YES;
				CLANG_WARN_RANGE_LOOP_ANALYSIS = YES;
				CLANG_WARN_STRICT_PROTOTYPES = YES;
				CLANG_WARN_SUSPICIOUS_MOVE = YES;
				CLANG_WARN_UNGUARDED_AVAILABILITY = YES_AGGRESSIVE;
				CLANG_WARN_UNREACHABLE_CODE = YES;
				CLANG_WARN__DUPLICATE_METHOD_MATCH = YES;
				COPY_PHASE_STRIP = NO;
				DEBUG_INFORMATION_FORMAT = "dwarf-with-dsym";
				ENABLE_NS_ASSERTIONS = NO;
				ENABLE_STRICT_OBJC_MSGSEND = YES;
				GCC_C_LANGUAGE_STANDARD = gnu11;
				GCC_NO_COMMON_BLOCKS = YES;
				GCC_WARN_64_TO_32_BIT_CONVERSION = YES;
				GCC_WARN_ABOUT_RETURN_TYPE = YES_ERROR;
				GCC_WARN_UNDECLARED_SELECTOR = YES;
				GCC_WARN_UNINITIALIZED_AUTOS = YES_AGGRESSIVE;
				GCC_WARN_UNUSED_FUNCTION = YES;
				GCC_WARN_UNUSED_VARIABLE = YES;
				IPHONEOS_DEPLOYMENT_TARGET = 14.5;
				MTL_ENABLE_DEBUG_INFO = NO;
				MTL_FAST_MATH = YES;
				SDKROOT = iphoneos;
				SWIFT_COMPILATION_MODE = wholemodule;
				SWIFT_OPTIMIZATION_LEVEL = "-O";
				VALIDATE_PRODUCT = YES;
			};
			name = Release;
		};
		E6A067DC26F3421100DD524B /* Debug */ = {
			isa = XCBuildConfiguration;
			buildSettings = {
				ASSETCATALOG_COMPILER_APPICON_NAME = AppIcon;
				ASSETCATALOG_COMPILER_GLOBAL_ACCENT_COLOR_NAME = AccentColor;
				CODE_SIGN_STYLE = Automatic;
				DEVELOPMENT_ASSET_PATHS = "\"SwiftUIReduxExample/Preview Content\"";
				DEVELOPMENT_TEAM = 29PKZ2MXGM;
				ENABLE_PREVIEWS = YES;
				INFOPLIST_FILE = SwiftUIReduxExample/Info.plist;
				IPHONEOS_DEPLOYMENT_TARGET = 15.0;
				LD_RUNPATH_SEARCH_PATHS = (
					"$(inherited)",
					"@executable_path/Frameworks",
				);
				PRODUCT_BUNDLE_IDENTIFIER = com.example.SwiftUIReduxExample.SwiftUIReduxExample;
				PRODUCT_NAME = "$(TARGET_NAME)";
				SWIFT_STRICT_CONCURRENCY = complete;
				SWIFT_VERSION = 5.0;
				TARGETED_DEVICE_FAMILY = "1,2";
			};
			name = Debug;
		};
		E6A067DD26F3421100DD524B /* Release */ = {
			isa = XCBuildConfiguration;
			buildSettings = {
				ASSETCATALOG_COMPILER_APPICON_NAME = AppIcon;
				ASSETCATALOG_COMPILER_GLOBAL_ACCENT_COLOR_NAME = AccentColor;
				CODE_SIGN_STYLE = Automatic;
				DEVELOPMENT_ASSET_PATHS = "\"SwiftUIReduxExample/Preview Content\"";
				DEVELOPMENT_TEAM = 29PKZ2MXGM;
				ENABLE_PREVIEWS = YES;
				INFOPLIST_FILE = SwiftUIReduxExample/Info.plist;
				IPHONEOS_DEPLOYMENT_TARGET = 15.0;
				LD_RUNPATH_SEARCH_PATHS = (
					"$(inherited)",
					"@executable_path/Frameworks",
				);
				PRODUCT_BUNDLE_IDENTIFIER = com.example.SwiftUIReduxExample.SwiftUIReduxExample;
				PRODUCT_NAME = "$(TARGET_NAME)";
				SWIFT_STRICT_CONCURRENCY = complete;
				SWIFT_VERSION = 5.0;
				TARGETED_DEVICE_FAMILY = "1,2";
			};
			name = Release;
		};
/* End XCBuildConfiguration section */

/* Begin XCConfigurationList section */
		1E37F26A2C6212BA00A367B1 /* Build configuration list for PBXNativeTarget "SwiftUIReduxExampleTests" */ = {
			isa = XCConfigurationList;
			buildConfigurations = (
				1E37F26B2C6212BA00A367B1 /* Debug */,
				1E37F26C2C6212BA00A367B1 /* Release */,
			);
			defaultConfigurationIsVisible = 0;
			defaultConfigurationName = Release;
		};
		E6A067C726F3420F00DD524B /* Build configuration list for PBXProject "SwiftUIReduxExample" */ = {
			isa = XCConfigurationList;
			buildConfigurations = (
				E6A067D926F3421100DD524B /* Debug */,
				E6A067DA26F3421100DD524B /* Release */,
			);
			defaultConfigurationIsVisible = 0;
			defaultConfigurationName = Release;
		};
		E6A067DB26F3421100DD524B /* Build configuration list for PBXNativeTarget "SwiftUIReduxExample" */ = {
			isa = XCConfigurationList;
			buildConfigurations = (
				E6A067DC26F3421100DD524B /* Debug */,
				E6A067DD26F3421100DD524B /* Release */,
			);
			defaultConfigurationIsVisible = 0;
			defaultConfigurationName = Release;
		};
/* End XCConfigurationList section */

/* Begin XCLocalSwiftPackageReference section */
		DCB782512CD63A7700B5F7BF /* XCLocalSwiftPackageReference "../../../SwiftUIRedux" */ = {
			isa = XCLocalSwiftPackageReference;
			relativePath = ../../../SwiftUIRedux;
		};
/* End XCLocalSwiftPackageReference section */

/* Begin XCRemoteSwiftPackageReference section */
		E6A067E426F3481500DD524B /* XCRemoteSwiftPackageReference "ReduxMonitor" */ = {
			isa = XCRemoteSwiftPackageReference;
			repositoryURL = "https://github.com/Lindebrothers/ReduxMonitor";
			requirement = {
				kind = upToNextMajorVersion;
				minimumVersion = 2.0.1;
			};
		};
/* End XCRemoteSwiftPackageReference section */

/* Begin XCSwiftPackageProductDependency section */
		1E37F26D2C6212C500A367B1 /* SwiftUIReduxTestHelpers */ = {
			isa = XCSwiftPackageProductDependency;
			productName = SwiftUIReduxTestHelpers;
		};
		DCB782522CD63A7700B5F7BF /* SwiftUIRedux */ = {
			isa = XCSwiftPackageProductDependency;
			productName = SwiftUIRedux;
		};
		E6A067E026F3429500DD524B /* SwiftUIRedux */ = {
			isa = XCSwiftPackageProductDependency;
			productName = SwiftUIRedux;
		};
		E6A067E526F3481500DD524B /* ReduxMonitor */ = {
			isa = XCSwiftPackageProductDependency;
			package = E6A067E426F3481500DD524B /* XCRemoteSwiftPackageReference "ReduxMonitor" */;
			productName = ReduxMonitor;
		};
/* End XCSwiftPackageProductDependency section */
	};
	rootObject = E6A067C426F3420F00DD524B /* Project object */;
}
